// !$*UTF8*$!
{
	archiveVersion = 1;
	classes = {
	};
	objectVersion = 51;
	objects = {

/* Begin PBXBuildFile section */
		0DF020DF244739020099BCB3 /* AppDelegate.swift in Sources */ = {isa = PBXBuildFile; fileRef = 0DF020DE244739020099BCB3 /* AppDelegate.swift */; };
		0DF020E3244739020099BCB3 /* ViewController.swift in Sources */ = {isa = PBXBuildFile; fileRef = 0DF020E2244739020099BCB3 /* ViewController.swift */; };
		0DF020E6244739020099BCB3 /* Main.storyboard in Resources */ = {isa = PBXBuildFile; fileRef = 0DF020E4244739020099BCB3 /* Main.storyboard */; };
		0DF020E9244739020099BCB3 /* RxSwiftEx.xcdatamodeld in Sources */ = {isa = PBXBuildFile; fileRef = 0DF020E7244739020099BCB3 /* RxSwiftEx.xcdatamodeld */; };
		0DF020EB244739020099BCB3 /* Assets.xcassets in Resources */ = {isa = PBXBuildFile; fileRef = 0DF020EA244739020099BCB3 /* Assets.xcassets */; };
		0DF020EE244739020099BCB3 /* LaunchScreen.storyboard in Resources */ = {isa = PBXBuildFile; fileRef = 0DF020EC244739020099BCB3 /* LaunchScreen.storyboard */; };
		0DF020F824473F3E0099BCB3 /* CitiCell.xib in Resources */ = {isa = PBXBuildFile; fileRef = 0DF020F724473F3E0099BCB3 /* CitiCell.xib */; };
		0DF020FA24473F850099BCB3 /* CitiCell.swift in Sources */ = {isa = PBXBuildFile; fileRef = 0DF020F924473F850099BCB3 /* CitiCell.swift */; };
		D87D4C5DFC312542CA5DBF8F /* Pods_RxSwiftEx.framework in Frameworks */ = {isa = PBXBuildFile; fileRef = 73929ECA952F15D1803ED263 /* Pods_RxSwiftEx.framework */; };
/* End PBXBuildFile section */

/* Begin PBXFileReference section */
		0DF020DB244739020099BCB3 /* RxSwiftEx.app */ = {isa = PBXFileReference; explicitFileType = wrapper.application; includeInIndex = 0; path = RxSwiftEx.app; sourceTree = BUILT_PRODUCTS_DIR; };
		0DF020DE244739020099BCB3 /* AppDelegate.swift */ = {isa = PBXFileReference; lastKnownFileType = sourcecode.swift; path = AppDelegate.swift; sourceTree = "<group>"; };
		0DF020E2244739020099BCB3 /* ViewController.swift */ = {isa = PBXFileReference; lastKnownFileType = sourcecode.swift; path = ViewController.swift; sourceTree = "<group>"; };
		0DF020E5244739020099BCB3 /* Base */ = {isa = PBXFileReference; lastKnownFileType = file.storyboard; name = Base; path = Base.lproj/Main.storyboard; sourceTree = "<group>"; };
		0DF020E8244739020099BCB3 /* RxSwiftEx.xcdatamodel */ = {isa = PBXFileReference; lastKnownFileType = wrapper.xcdatamodel; path = RxSwiftEx.xcdatamodel; sourceTree = "<group>"; };
		0DF020EA244739020099BCB3 /* Assets.xcassets */ = {isa = PBXFileReference; lastKnownFileType = folder.assetcatalog; path = Assets.xcassets; sourceTree = "<group>"; };
		0DF020ED244739020099BCB3 /* Base */ = {isa = PBXFileReference; lastKnownFileType = file.storyboard; name = Base; path = Base.lproj/LaunchScreen.storyboard; sourceTree = "<group>"; };
		0DF020EF244739020099BCB3 /* Info.plist */ = {isa = PBXFileReference; lastKnownFileType = text.plist.xml; path = Info.plist; sourceTree = "<group>"; };
		0DF020F724473F3E0099BCB3 /* CitiCell.xib */ = {isa = PBXFileReference; lastKnownFileType = file.xib; path = CitiCell.xib; sourceTree = "<group>"; };
		0DF020F924473F850099BCB3 /* CitiCell.swift */ = {isa = PBXFileReference; lastKnownFileType = sourcecode.swift; path = CitiCell.swift; sourceTree = "<group>"; };
		2B01032984F0948067D8E241 /* Pods-RxSwiftEx.debug.xcconfig */ = {isa = PBXFileReference; includeInIndex = 1; lastKnownFileType = text.xcconfig; name = "Pods-RxSwiftEx.debug.xcconfig"; path = "Target Support Files/Pods-RxSwiftEx/Pods-RxSwiftEx.debug.xcconfig"; sourceTree = "<group>"; };
		73929ECA952F15D1803ED263 /* Pods_RxSwiftEx.framework */ = {isa = PBXFileReference; explicitFileType = wrapper.framework; includeInIndex = 0; path = Pods_RxSwiftEx.framework; sourceTree = BUILT_PRODUCTS_DIR; };
		98ED8721CE823D5AC54A43EB /* Pods-RxSwiftEx.release.xcconfig */ = {isa = PBXFileReference; includeInIndex = 1; lastKnownFileType = text.xcconfig; name = "Pods-RxSwiftEx.release.xcconfig"; path = "Target Support Files/Pods-RxSwiftEx/Pods-RxSwiftEx.release.xcconfig"; sourceTree = "<group>"; };
/* End PBXFileReference section */

/* Begin PBXFrameworksBuildPhase section */
		0DF020D8244739020099BCB3 /* Frameworks */ = {
			isa = PBXFrameworksBuildPhase;
			buildActionMask = 2147483647;
			files = (
				D87D4C5DFC312542CA5DBF8F /* Pods_RxSwiftEx.framework in Frameworks */,
			);
			runOnlyForDeploymentPostprocessing = 0;
		};
/* End PBXFrameworksBuildPhase section */

/* Begin PBXGroup section */
		0DF020D2244739020099BCB3 = {
			isa = PBXGroup;
			children = (
				0DF020DD244739020099BCB3 /* RxSwiftEx */,
				0DF020DC244739020099BCB3 /* Products */,
				0EB7E723A38E34F962DFD23E /* Pods */,
				766B2438D8D93A428065AAE4 /* Frameworks */,
			);
			sourceTree = "<group>";
		};
		0DF020DC244739020099BCB3 /* Products */ = {
			isa = PBXGroup;
			children = (
				0DF020DB244739020099BCB3 /* RxSwiftEx.app */,
			);
			name = Products;
			sourceTree = "<group>";
		};
		0DF020DD244739020099BCB3 /* RxSwiftEx */ = {
			isa = PBXGroup;
			children = (
				0DF020F624473F250099BCB3 /* Controller */,
				0DF020F524473F1D0099BCB3 /* Cell */,
				0DF020DE244739020099BCB3 /* AppDelegate.swift */,
				0DF020E2244739020099BCB3 /* ViewController.swift */,
				0DF020E4244739020099BCB3 /* Main.storyboard */,
				0DF020EA244739020099BCB3 /* Assets.xcassets */,
				0DF020EC244739020099BCB3 /* LaunchScreen.storyboard */,
				0DF020EF244739020099BCB3 /* Info.plist */,
				0DF020E7244739020099BCB3 /* RxSwiftEx.xcdatamodeld */,
			);
			path = RxSwiftEx;
			sourceTree = "<group>";
		};
		0DF020F524473F1D0099BCB3 /* Cell */ = {
			isa = PBXGroup;
			children = (
				0DF020F724473F3E0099BCB3 /* CitiCell.xib */,
				0DF020F924473F850099BCB3 /* CitiCell.swift */,
			);
			path = Cell;
			sourceTree = "<group>";
		};
		0DF020F624473F250099BCB3 /* Controller */ = {
			isa = PBXGroup;
			children = (
			);
			path = Controller;
			sourceTree = "<group>";
		};
		0EB7E723A38E34F962DFD23E /* Pods */ = {
			isa = PBXGroup;
			children = (
				2B01032984F0948067D8E241 /* Pods-RxSwiftEx.debug.xcconfig */,
				98ED8721CE823D5AC54A43EB /* Pods-RxSwiftEx.release.xcconfig */,
			);
			path = Pods;
			sourceTree = "<group>";
		};
		766B2438D8D93A428065AAE4 /* Frameworks */ = {
			isa = PBXGroup;
			children = (
				73929ECA952F15D1803ED263 /* Pods_RxSwiftEx.framework */,
			);
			name = Frameworks;
			sourceTree = "<group>";
		};
/* End PBXGroup section */

/* Begin PBXNativeTarget section */
		0DF020DA244739020099BCB3 /* RxSwiftEx */ = {
			isa = PBXNativeTarget;
			buildConfigurationList = 0DF020F2244739020099BCB3 /* Build configuration list for PBXNativeTarget "RxSwiftEx" */;
			buildPhases = (
				2B6B0EB7EC0E7EDF9ABD0EB2 /* [CP] Check Pods Manifest.lock */,
				0DF020D7244739020099BCB3 /* Sources */,
				0DF020D8244739020099BCB3 /* Frameworks */,
				0DF020D9244739020099BCB3 /* Resources */,
				094BBA701CA5CCEC4E5458DC /* [CP] Embed Pods Frameworks */,
			);
			buildRules = (
			);
			dependencies = (
			);
			name = RxSwiftEx;
			productName = RxSwiftEx;
			productReference = 0DF020DB244739020099BCB3 /* RxSwiftEx.app */;
			productType = "com.apple.product-type.application";
		};
/* End PBXNativeTarget section */

/* Begin PBXProject section */
		0DF020D3244739020099BCB3 /* Project object */ = {
			isa = PBXProject;
			attributes = {
				LastSwiftUpdateCheck = 1140;
				LastUpgradeCheck = 1140;
				ORGANIZATIONNAME = "김성남";
				TargetAttributes = {
					0DF020DA244739020099BCB3 = {
						CreatedOnToolsVersion = 11.4;
					};
				};
			};
			buildConfigurationList = 0DF020D6244739020099BCB3 /* Build configuration list for PBXProject "RxSwiftEx" */;
			compatibilityVersion = "Xcode 9.3";
			developmentRegion = en;
			hasScannedForEncodings = 0;
			knownRegions = (
				en,
				Base,
			);
			mainGroup = 0DF020D2244739020099BCB3;
			productRefGroup = 0DF020DC244739020099BCB3 /* Products */;
			projectDirPath = "";
			projectRoot = "";
			targets = (
				0DF020DA244739020099BCB3 /* RxSwiftEx */,
			);
		};
/* End PBXProject section */

/* Begin PBXResourcesBuildPhase section */
		0DF020D9244739020099BCB3 /* Resources */ = {
			isa = PBXResourcesBuildPhase;
			buildActionMask = 2147483647;
			files = (
				0DF020EE244739020099BCB3 /* LaunchScreen.storyboard in Resources */,
				0DF020EB244739020099BCB3 /* Assets.xcassets in Resources */,
				0DF020F824473F3E0099BCB3 /* CitiCell.xib in Resources */,
				0DF020E6244739020099BCB3 /* Main.storyboard in Resources */,
			);
			runOnlyForDeploymentPostprocessing = 0;
		};
/* End PBXResourcesBuildPhase section */

/* Begin PBXShellScriptBuildPhase section */
		094BBA701CA5CCEC4E5458DC /* [CP] Embed Pods Frameworks */ = {
			isa = PBXShellScriptBuildPhase;
			buildActionMask = 2147483647;
			files = (
			);
			inputFileListPaths = (
				"${PODS_ROOT}/Target Support Files/Pods-RxSwiftEx/Pods-RxSwiftEx-frameworks-${CONFIGURATION}-input-files.xcfilelist",
			);
			name = "[CP] Embed Pods Frameworks";
			outputFileListPaths = (
				"${PODS_ROOT}/Target Support Files/Pods-RxSwiftEx/Pods-RxSwiftEx-frameworks-${CONFIGURATION}-output-files.xcfilelist",
			);
			runOnlyForDeploymentPostprocessing = 0;
			shellPath = /bin/sh;
			shellScript = "\"${PODS_ROOT}/Target Support Files/Pods-RxSwiftEx/Pods-RxSwiftEx-frameworks.sh\"\n";
			showEnvVarsInLog = 0;
		};
		2B6B0EB7EC0E7EDF9ABD0EB2 /* [CP] Check Pods Manifest.lock */ = {
			isa = PBXShellScriptBuildPhase;
			buildActionMask = 2147483647;
			files = (
			);
			inputFileListPaths = (
			);
			inputPaths = (
				"${PODS_PODFILE_DIR_PATH}/Podfile.lock",
				"${PODS_ROOT}/Manifest.lock",
			);
			name = "[CP] Check Pods Manifest.lock";
			outputFileListPaths = (
			);
			outputPaths = (
				"$(DERIVED_FILE_DIR)/Pods-RxSwiftEx-checkManifestLockResult.txt",
			);
			runOnlyForDeploymentPostprocessing = 0;
			shellPath = /bin/sh;
			shellScript = "diff \"${PODS_PODFILE_DIR_PATH}/Podfile.lock\" \"${PODS_ROOT}/Manifest.lock\" > /dev/null\nif [ $? != 0 ] ; then\n    # print error to STDERR\n    echo \"error: The sandbox is not in sync with the Podfile.lock. Run 'pod install' or update your CocoaPods installation.\" >&2\n    exit 1\nfi\n# This output is used by Xcode 'outputs' to avoid re-running this script phase.\necho \"SUCCESS\" > \"${SCRIPT_OUTPUT_FILE_0}\"\n";
			showEnvVarsInLog = 0;
		};
/* End PBXShellScriptBuildPhase section */

/* Begin PBXSourcesBuildPhase section */
		0DF020D7244739020099BCB3 /* Sources */ = {
			isa = PBXSourcesBuildPhase;
			buildActionMask = 2147483647;
			files = (
				0DF020E3244739020099BCB3 /* ViewController.swift in Sources */,
				0DF020DF244739020099BCB3 /* AppDelegate.swift in Sources */,
				0DF020FA24473F850099BCB3 /* CitiCell.swift in Sources */,
				0DF020E9244739020099BCB3 /* RxSwiftEx.xcdatamodeld in Sources */,
			);
			runOnlyForDeploymentPostprocessing = 0;
		};
/* End PBXSourcesBuildPhase section */

/* Begin PBXVariantGroup section */
		0DF020E4244739020099BCB3 /* Main.storyboard */ = {
			isa = PBXVariantGroup;
			children = (
				0DF020E5244739020099BCB3 /* Base */,
			);
			name = Main.storyboard;
			sourceTree = "<group>";
		};
		0DF020EC244739020099BCB3 /* LaunchScreen.storyboard */ = {
			isa = PBXVariantGroup;
			children = (
				0DF020ED244739020099BCB3 /* Base */,
			);
			name = LaunchScreen.storyboard;
			sourceTree = "<group>";
		};
/* End PBXVariantGroup section */

/* Begin XCBuildConfiguration section */
		0DF020F0244739020099BCB3 /* Debug */ = {
			isa = XCBuildConfiguration;
			buildSettings = {
				ALWAYS_SEARCH_USER_PATHS = NO;
				CLANG_ANALYZER_NONNULL = YES;
				CLANG_ANALYZER_NUMBER_OBJECT_CONVERSION = YES_AGGRESSIVE;
				CLANG_CXX_LANGUAGE_STANDARD = "gnu++14";
				CLANG_CXX_LIBRARY = "libc++";
				CLANG_ENABLE_MODULES = YES;
				CLANG_ENABLE_OBJC_ARC = YES;
				CLANG_ENABLE_OBJC_WEAK = YES;
				CLANG_WARN_BLOCK_CAPTURE_AUTORELEASING = YES;
				CLANG_WARN_BOOL_CONVERSION = YES;
				CLANG_WARN_COMMA = YES;
				CLANG_WARN_CONSTANT_CONVERSION = YES;
				CLANG_WARN_DEPRECATED_OBJC_IMPLEMENTATIONS = YES;
				CLANG_WARN_DIRECT_OBJC_ISA_USAGE = YES_ERROR;
				CLANG_WARN_DOCUMENTATION_COMMENTS = YES;
				CLANG_WARN_EMPTY_BODY = YES;
				CLANG_WARN_ENUM_CONVERSION = YES;
				CLANG_WARN_INFINITE_RECURSION = YES;
				CLANG_WARN_INT_CONVERSION = YES;
				CLANG_WARN_NON_LITERAL_NULL_CONVERSION = YES;
				CLANG_WARN_OBJC_IMPLICIT_RETAIN_SELF = YES;
				CLANG_WARN_OBJC_LITERAL_CONVERSION = YES;
				CLANG_WARN_OBJC_ROOT_CLASS = YES_ERROR;
				CLANG_WARN_RANGE_LOOP_ANALYSIS = YES;
				CLANG_WARN_STRICT_PROTOTYPES = YES;
				CLANG_WARN_SUSPICIOUS_MOVE = YES;
				CLANG_WARN_UNGUARDED_AVAILABILITY = YES_AGGRESSIVE;
				CLANG_WARN_UNREACHABLE_CODE = YES;
				CLANG_WARN__DUPLICATE_METHOD_MATCH = YES;
				COPY_PHASE_STRIP = NO;
				DEBUG_INFORMATION_FORMAT = dwarf;
				ENABLE_STRICT_OBJC_MSGSEND = YES;
				ENABLE_TESTABILITY = YES;
				GCC_C_LANGUAGE_STANDARD = gnu11;
				GCC_DYNAMIC_NO_PIC = NO;
				GCC_NO_COMMON_BLOCKS = YES;
				GCC_OPTIMIZATION_LEVEL = 0;
				GCC_PREPROCESSOR_DEFINITIONS = (
					"DEBUG=1",
					"$(inherited)",
				);
				GCC_WARN_64_TO_32_BIT_CONVERSION = YES;
				GCC_WARN_ABOUT_RETURN_TYPE = YES_ERROR;
				GCC_WARN_UNDECLARED_SELECTOR = YES;
				GCC_WARN_UNINITIALIZED_AUTOS = YES_AGGRESSIVE;
				GCC_WARN_UNUSED_FUNCTION = YES;
				GCC_WARN_UNUSED_VARIABLE = YES;
				IPHONEOS_DEPLOYMENT_TARGET = 13.4;
				MTL_ENABLE_DEBUG_INFO = INCLUDE_SOURCE;
				MTL_FAST_MATH = YES;
				ONLY_ACTIVE_ARCH = YES;
				SDKROOT = iphoneos;
				SWIFT_ACTIVE_COMPILATION_CONDITIONS = DEBUG;
				SWIFT_OPTIMIZATION_LEVEL = "-Onone";
			};
			name = Debug;
		};
		0DF020F1244739020099BCB3 /* Release */ = {
			isa = XCBuildConfiguration;
			buildSettings = {
				ALWAYS_SEARCH_USER_PATHS = NO;
				CLANG_ANALYZER_NONNULL = YES;
				CLANG_ANALYZER_NUMBER_OBJECT_CONVERSION = YES_AGGRESSIVE;
				CLANG_CXX_LANGUAGE_STANDARD = "gnu++14";
				CLANG_CXX_LIBRARY = "libc++";
				CLANG_ENABLE_MODULES = YES;
				CLANG_ENABLE_OBJC_ARC = YES;
				CLANG_ENABLE_OBJC_WEAK = YES;
				CLANG_WARN_BLOCK_CAPTURE_AUTORELEASING = YES;
				CLANG_WARN_BOOL_CONVERSION = YES;
				CLANG_WARN_COMMA = YES;
				CLANG_WARN_CONSTANT_CONVERSION = YES;
				CLANG_WARN_DEPRECATED_OBJC_IMPLEMENTATIONS = YES;
				CLANG_WARN_DIRECT_OBJC_ISA_USAGE = YES_ERROR;
				CLANG_WARN_DOCUMENTATION_COMMENTS = YES;
				CLANG_WARN_EMPTY_BODY = YES;
				CLANG_WARN_ENUM_CONVERSION = YES;
				CLANG_WARN_INFINITE_RECURSION = YES;
				CLANG_WARN_INT_CONVERSION = YES;
				CLANG_WARN_NON_LITERAL_NULL_CONVERSION = YES;
				CLANG_WARN_OBJC_IMPLICIT_RETAIN_SELF = YES;
				CLANG_WARN_OBJC_LITERAL_CONVERSION = YES;
				CLANG_WARN_OBJC_ROOT_CLASS = YES_ERROR;
				CLANG_WARN_RANGE_LOOP_ANALYSIS = YES;
				CLANG_WARN_STRICT_PROTOTYPES = YES;
				CLANG_WARN_SUSPICIOUS_MOVE = YES;
				CLANG_WARN_UNGUARDED_AVAILABILITY = YES_AGGRESSIVE;
				CLANG_WARN_UNREACHABLE_CODE = YES;
				CLANG_WARN__DUPLICATE_METHOD_MATCH = YES;
				COPY_PHASE_STRIP = NO;
				DEBUG_INFORMATION_FORMAT = "dwarf-with-dsym";
				ENABLE_NS_ASSERTIONS = NO;
				ENABLE_STRICT_OBJC_MSGSEND = YES;
				GCC_C_LANGUAGE_STANDARD = gnu11;
				GCC_NO_COMMON_BLOCKS = YES;
				GCC_WARN_64_TO_32_BIT_CONVERSION = YES;
				GCC_WARN_ABOUT_RETURN_TYPE = YES_ERROR;
				GCC_WARN_UNDECLARED_SELECTOR = YES;
				GCC_WARN_UNINITIALIZED_AUTOS = YES_AGGRESSIVE;
				GCC_WARN_UNUSED_FUNCTION = YES;
				GCC_WARN_UNUSED_VARIABLE = YES;
				IPHONEOS_DEPLOYMENT_TARGET = 13.4;
				MTL_ENABLE_DEBUG_INFO = NO;
				MTL_FAST_MATH = YES;
				SDKROOT = iphoneos;
				SWIFT_COMPILATION_MODE = wholemodule;
				SWIFT_OPTIMIZATION_LEVEL = "-O";
				VALIDATE_PRODUCT = YES;
			};
			name = Release;
		};
		0DF020F3244739020099BCB3 /* Debug */ = {
			isa = XCBuildConfiguration;
			baseConfigurationReference = 2B01032984F0948067D8E241 /* Pods-RxSwiftEx.debug.xcconfig */;
			buildSettings = {
				ASSETCATALOG_COMPILER_APPICON_NAME = AppIcon;
				CODE_SIGN_STYLE = Automatic;
				DEVELOPMENT_TEAM = F6J6GAMXJ7;
				INFOPLIST_FILE = RxSwiftEx/Info.plist;
				IPHONEOS_DEPLOYMENT_TARGET = 11.0;
				LD_RUNPATH_SEARCH_PATHS = (
					"$(inherited)",
					"@executable_path/Frameworks",
				);
				PRODUCT_BUNDLE_IDENTIFIER = com.sn.RxSwiftEx;
				PRODUCT_NAME = "$(TARGET_NAME)";
				SWIFT_VERSION = 5.0;
				TARGETED_DEVICE_FAMILY = 1;
			};
			name = Debug;
		};
		0DF020F4244739020099BCB3 /* Release */ = {
			isa = XCBuildConfiguration;
			baseConfigurationReference = 98ED8721CE823D5AC54A43EB /* Pods-RxSwiftEx.release.xcconfig */;
			buildSettings = {
				ASSETCATALOG_COMPILER_APPICON_NAME = AppIcon;
				CODE_SIGN_STYLE = Automatic;
				DEVELOPMENT_TEAM = F6J6GAMXJ7;
				INFOPLIST_FILE = RxSwiftEx/Info.plist;
				IPHONEOS_DEPLOYMENT_TARGET = 11.0;
				LD_RUNPATH_SEARCH_PATHS = (
					"$(inherited)",
					"@executable_path/Frameworks",
				);
				PRODUCT_BUNDLE_IDENTIFIER = com.sn.RxSwiftEx;
				PRODUCT_NAME = "$(TARGET_NAME)";
				SWIFT_VERSION = 5.0;
				TARGETED_DEVICE_FAMILY = 1;
			};
			name = Release;
		};
/* End XCBuildConfiguration section */

/* Begin XCConfigurationList section */
		0DF020D6244739020099BCB3 /* Build configuration list for PBXProject "RxSwiftEx" */ = {
			isa = XCConfigurationList;
			buildConfigurations = (
				0DF020F0244739020099BCB3 /* Debug */,
				0DF020F1244739020099BCB3 /* Release */,
			);
			defaultConfigurationIsVisible = 0;
			defaultConfigurationName = Release;
		};
		0DF020F2244739020099BCB3 /* Build configuration list for PBXNativeTarget "RxSwiftEx" */ = {
			isa = XCConfigurationList;
			buildConfigurations = (
				0DF020F3244739020099BCB3 /* Debug */,
				0DF020F4244739020099BCB3 /* Release */,
			);
			defaultConfigurationIsVisible = 0;
			defaultConfigurationName = Release;
		};
/* End XCConfigurationList section */

/* Begin XCVersionGroup section */
		0DF020E7244739020099BCB3 /* RxSwiftEx.xcdatamodeld */ = {
			isa = XCVersionGroup;
			children = (
				0DF020E8244739020099BCB3 /* RxSwiftEx.xcdatamodel */,
			);
			currentVersion = 0DF020E8244739020099BCB3 /* RxSwiftEx.xcdatamodel */;
			path = RxSwiftEx.xcdatamodeld;
			sourceTree = "<group>";
			versionGroupType = wrapper.xcdatamodel;
		};
/* End XCVersionGroup section */
	};
	rootObject = 0DF020D3244739020099BCB3 /* Project object */;
}
